
Microsoft Visual Studio Solution File, Format Version 12.00
# Visual Studio Version 17
VisualStudioVersion = 17.7.34221.43
MinimumVisualStudioVersion = 10.0.40219.1
Project("{FAE04EC0-301F-11D3-BF4B-00C04F79EFBC}") = "SG_ActivosComputacionales", "SG_ActivosComputacionales\SG_ActivosComputacionales.csproj", "{AC2B4CFE-5E4A-444E-88F7-50BB50E04F20}"
EndProject
Project("{FAE04EC0-301F-11D3-BF4B-00C04F79EFBC}") = "Negocio", "Negocio\Negocio.csproj", "{8F0411CE-0FBE-48D7-B4B8-B789CF2CADA8}"
EndProject
Project("{FAE04EC0-301F-11D3-BF4B-00C04F79EFBC}") = "Datos", "Datos\Datos.csproj", "{F3833C1A-13F6-4989-BC6B-BBB1E4F7F5A9}"
EndProject
Global
	GlobalSection(SolutionConfigurationPlatforms) = preSolution
		Debug|Any CPU = Debug|Any CPU
		Release|Any CPU = Release|Any CPU
	EndGlobalSection
	GlobalSection(ProjectConfigurationPlatforms) = postSolution
		{AC2B4CFE-5E4A-444E-88F7-50BB50E04F20}.Debug|Any CPU.ActiveCfg = Debug|Any CPU
		{AC2B4CFE-5E4A-444E-88F7-50BB50E04F20}.Debug|Any CPU.Build.0 = Debug|Any CPU
		{AC2B4CFE-5E4A-444E-88F7-50BB50E04F20}.Release|Any CPU.ActiveCfg = Release|Any CPU
		{AC2B4CFE-5E4A-444E-88F7-50BB50E04F20}.Release|Any CPU.Build.0 = Release|Any CPU
		{8F0411CE-0FBE-48D7-B4B8-B789CF2CADA8}.Debug|Any CPU.ActiveCfg = Debug|Any CPU
		{8F0411CE-0FBE-48D7-B4B8-B789CF2CADA8}.Debug|Any CPU.Build.0 = Debug|Any CPU
		{8F0411CE-0FBE-48D7-B4B8-B789CF2CADA8}.Release|Any CPU.ActiveCfg = Release|Any CPU
		{8F0411CE-0FBE-48D7-B4B8-B789CF2CADA8}.Release|Any CPU.Build.0 = Release|Any CPU
		{F3833C1A-13F6-4989-BC6B-BBB1E4F7F5A9}.Debug|Any CPU.ActiveCfg = Debug|Any CPU
		{F3833C1A-13F6-4989-BC6B-BBB1E4F7F5A9}.Debug|Any CPU.Build.0 = Debug|Any CPU
		{F3833C1A-13F6-4989-BC6B-BBB1E4F7F5A9}.Release|Any CPU.ActiveCfg = Release|Any CPU
		{F3833C1A-13F6-4989-BC6B-BBB1E4F7F5A9}.Release|Any CPU.Build.0 = Release|Any CPU
	EndGlobalSection
	GlobalSection(SolutionProperties) = preSolution
		HideSolutionNode = FALSE
	EndGlobalSection
	GlobalSection(ExtensibilityGlobals) = postSolution
		SolutionGuid = {CDC6BF0B-6BC4-481A-8A52-B5A8E1DDE6FF}
	EndGlobalSection
EndGlobal
